// !$*UTF8*$!
{
	archiveVersion = 1;
	classes = {
	};
	objectVersion = 46;
	objects = {

/* Begin PBXBuildFile section */
		2CB1387FB5A122A313C1500A /* libPods-UIView+AORefreshFontTests.a in Frameworks */ = {isa = PBXBuildFile; fileRef = 1C64B54CEEBF1C4C14DACCA6 /* libPods-UIView+AORefreshFontTests.a */; };
		44D4BE9B194BAF8900E65B24 /* Foundation.framework in Frameworks */ = {isa = PBXBuildFile; fileRef = 44D4BE9A194BAF8900E65B24 /* Foundation.framework */; };
		44D4BEA9194BAF8900E65B24 /* XCTest.framework in Frameworks */ = {isa = PBXBuildFile; fileRef = 44D4BEA8194BAF8900E65B24 /* XCTest.framework */; };
		44D4BEAA194BAF8900E65B24 /* Foundation.framework in Frameworks */ = {isa = PBXBuildFile; fileRef = 44D4BE9A194BAF8900E65B24 /* Foundation.framework */; };
		44D4BEAC194BAF8900E65B24 /* UIKit.framework in Frameworks */ = {isa = PBXBuildFile; fileRef = 44D4BEAB194BAF8900E65B24 /* UIKit.framework */; };
		44D4BEAF194BAF8900E65B24 /* libUIView+AORefreshFont.a in Frameworks */ = {isa = PBXBuildFile; fileRef = 44D4BE97194BAF8900E65B24 /* libUIView+AORefreshFont.a */; };
		44D4BEB5194BAF8900E65B24 /* InfoPlist.strings in Resources */ = {isa = PBXBuildFile; fileRef = 44D4BEB3194BAF8900E65B24 /* InfoPlist.strings */; };
		44D4BEC2194BAF9400E65B24 /* UIView+AORefreshFont.m in Sources */ = {isa = PBXBuildFile; fileRef = 44D4BEC1194BAF9400E65B24 /* UIView+AORefreshFont.m */; };
		44D4BEC4194BB00700E65B24 /* UIView+AORefreshFontTests.m in Sources */ = {isa = PBXBuildFile; fileRef = 44D4BEC3194BB00700E65B24 /* UIView+AORefreshFontTests.m */; };
		44D4BECA194BB3C900E65B24 /* UIFont+AOTextStyle.m in Sources */ = {isa = PBXBuildFile; fileRef = 44D4BEC9194BB3C900E65B24 /* UIFont+AOTextStyle.m */; };
		44D4BECC194BB47B00E65B24 /* UIFont+AOTextStyleTests.m in Sources */ = {isa = PBXBuildFile; fileRef = 44D4BECB194BB47B00E65B24 /* UIFont+AOTextStyleTests.m */; };
		BFED0F7E5321A4E9DE058415 /* libPods-UIView+AORefreshFont.a in Frameworks */ = {isa = PBXBuildFile; fileRef = DEB829347FBF4F5B17BA7E56 /* libPods-UIView+AORefreshFont.a */; };
/* End PBXBuildFile section */

/* Begin PBXContainerItemProxy section */
		44D4BEAD194BAF8900E65B24 /* PBXContainerItemProxy */ = {
			isa = PBXContainerItemProxy;
			containerPortal = 44D4BE8F194BAF8800E65B24 /* Project object */;
			proxyType = 1;
			remoteGlobalIDString = 44D4BE96194BAF8900E65B24;
			remoteInfo = "UIView+AORefreshFont";
		};
/* End PBXContainerItemProxy section */

/* Begin PBXCopyFilesBuildPhase section */
		44D4BE95194BAF8900E65B24 /* CopyFiles */ = {
			isa = PBXCopyFilesBuildPhase;
			buildActionMask = 2147483647;
			dstPath = "include/$(PRODUCT_NAME)";
			dstSubfolderSpec = 16;
			files = (
			);
			runOnlyForDeploymentPostprocessing = 0;
		};
/* End PBXCopyFilesBuildPhase section */

/* Begin PBXFileReference section */
		05F50E7742983F2CC44D027F /* Pods-UIView+AORefreshFont.release.xcconfig */ = {isa = PBXFileReference; includeInIndex = 1; lastKnownFileType = text.xcconfig; name = "Pods-UIView+AORefreshFont.release.xcconfig"; path = "Pods/Target Support Files/Pods-UIView+AORefreshFont/Pods-UIView+AORefreshFont.release.xcconfig"; sourceTree = "<group>"; };
		1C64B54CEEBF1C4C14DACCA6 /* libPods-UIView+AORefreshFontTests.a */ = {isa = PBXFileReference; explicitFileType = archive.ar; includeInIndex = 0; path = "libPods-UIView+AORefreshFontTests.a"; sourceTree = BUILT_PRODUCTS_DIR; };
		44D4BE97194BAF8900E65B24 /* libUIView+AORefreshFont.a */ = {isa = PBXFileReference; explicitFileType = archive.ar; includeInIndex = 0; path = "libUIView+AORefreshFont.a"; sourceTree = BUILT_PRODUCTS_DIR; };
		44D4BE9A194BAF8900E65B24 /* Foundation.framework */ = {isa = PBXFileReference; lastKnownFileType = wrapper.framework; name = Foundation.framework; path = System/Library/Frameworks/Foundation.framework; sourceTree = SDKROOT; };
		44D4BE9E194BAF8900E65B24 /* UIView+AORefreshFont-Prefix.pch */ = {isa = PBXFileReference; lastKnownFileType = sourcecode.c.h; path = "UIView+AORefreshFont-Prefix.pch"; sourceTree = "<group>"; };
		44D4BEA7194BAF8900E65B24 /* UIView+AORefreshFontTests.xctest */ = {isa = PBXFileReference; explicitFileType = wrapper.cfbundle; includeInIndex = 0; path = "UIView+AORefreshFontTests.xctest"; sourceTree = BUILT_PRODUCTS_DIR; };
		44D4BEA8194BAF8900E65B24 /* XCTest.framework */ = {isa = PBXFileReference; lastKnownFileType = wrapper.framework; name = XCTest.framework; path = Library/Frameworks/XCTest.framework; sourceTree = DEVELOPER_DIR; };
		44D4BEAB194BAF8900E65B24 /* UIKit.framework */ = {isa = PBXFileReference; lastKnownFileType = wrapper.framework; name = UIKit.framework; path = Library/Frameworks/UIKit.framework; sourceTree = DEVELOPER_DIR; };
		44D4BEB2194BAF8900E65B24 /* UIView+AORefreshFontTests-Info.plist */ = {isa = PBXFileReference; lastKnownFileType = text.plist.xml; path = "UIView+AORefreshFontTests-Info.plist"; sourceTree = "<group>"; };
		44D4BEB4194BAF8900E65B24 /* en */ = {isa = PBXFileReference; lastKnownFileType = text.plist.strings; name = en; path = en.lproj/InfoPlist.strings; sourceTree = "<group>"; };
		44D4BEC0194BAF9400E65B24 /* UIView+AORefreshFont.h */ = {isa = PBXFileReference; fileEncoding = 4; lastKnownFileType = sourcecode.c.h; path = "UIView+AORefreshFont.h"; sourceTree = "<group>"; };
		44D4BEC1194BAF9400E65B24 /* UIView+AORefreshFont.m */ = {isa = PBXFileReference; fileEncoding = 4; lastKnownFileType = sourcecode.c.objc; path = "UIView+AORefreshFont.m"; sourceTree = "<group>"; };
		44D4BEC3194BB00700E65B24 /* UIView+AORefreshFontTests.m */ = {isa = PBXFileReference; fileEncoding = 4; lastKnownFileType = sourcecode.c.objc; path = "UIView+AORefreshFontTests.m"; sourceTree = "<group>"; };
		44D4BEC8194BB3C900E65B24 /* UIFont+AOTextStyle.h */ = {isa = PBXFileReference; fileEncoding = 4; lastKnownFileType = sourcecode.c.h; path = "UIFont+AOTextStyle.h"; sourceTree = "<group>"; };
		44D4BEC9194BB3C900E65B24 /* UIFont+AOTextStyle.m */ = {isa = PBXFileReference; fileEncoding = 4; lastKnownFileType = sourcecode.c.objc; path = "UIFont+AOTextStyle.m"; sourceTree = "<group>"; };
		44D4BECB194BB47B00E65B24 /* UIFont+AOTextStyleTests.m */ = {isa = PBXFileReference; fileEncoding = 4; lastKnownFileType = sourcecode.c.objc; path = "UIFont+AOTextStyleTests.m"; sourceTree = "<group>"; };
		7BF18533A76E6836930047C9 /* Pods-UIView+AORefreshFont.debug.xcconfig */ = {isa = PBXFileReference; includeInIndex = 1; lastKnownFileType = text.xcconfig; name = "Pods-UIView+AORefreshFont.debug.xcconfig"; path = "Pods/Target Support Files/Pods-UIView+AORefreshFont/Pods-UIView+AORefreshFont.debug.xcconfig"; sourceTree = "<group>"; };
		B3109DF25C192B4EC2700936 /* Pods-UIView+AORefreshFontTests.release.xcconfig */ = {isa = PBXFileReference; includeInIndex = 1; lastKnownFileType = text.xcconfig; name = "Pods-UIView+AORefreshFontTests.release.xcconfig"; path = "Pods/Target Support Files/Pods-UIView+AORefreshFontTests/Pods-UIView+AORefreshFontTests.release.xcconfig"; sourceTree = "<group>"; };
		CF036A215C9448D927FD89AF /* Pods-UIView+AORefreshFontTests.debug.xcconfig */ = {isa = PBXFileReference; includeInIndex = 1; lastKnownFileType = text.xcconfig; name = "Pods-UIView+AORefreshFontTests.debug.xcconfig"; path = "Pods/Target Support Files/Pods-UIView+AORefreshFontTests/Pods-UIView+AORefreshFontTests.debug.xcconfig"; sourceTree = "<group>"; };
		DEB829347FBF4F5B17BA7E56 /* libPods-UIView+AORefreshFont.a */ = {isa = PBXFileReference; explicitFileType = archive.ar; includeInIndex = 0; path = "libPods-UIView+AORefreshFont.a"; sourceTree = BUILT_PRODUCTS_DIR; };
/* End PBXFileReference section */

/* Begin PBXFrameworksBuildPhase section */
		44D4BE94194BAF8900E65B24 /* Frameworks */ = {
			isa = PBXFrameworksBuildPhase;
			buildActionMask = 2147483647;
			files = (
				44D4BE9B194BAF8900E65B24 /* Foundation.framework in Frameworks */,
				BFED0F7E5321A4E9DE058415 /* libPods-UIView+AORefreshFont.a in Frameworks */,
			);
			runOnlyForDeploymentPostprocessing = 0;
		};
		44D4BEA4194BAF8900E65B24 /* Frameworks */ = {
			isa = PBXFrameworksBuildPhase;
			buildActionMask = 2147483647;
			files = (
				44D4BEA9194BAF8900E65B24 /* XCTest.framework in Frameworks */,
				44D4BEAF194BAF8900E65B24 /* libUIView+AORefreshFont.a in Frameworks */,
				44D4BEAC194BAF8900E65B24 /* UIKit.framework in Frameworks */,
				44D4BEAA194BAF8900E65B24 /* Foundation.framework in Frameworks */,
				2CB1387FB5A122A313C1500A /* libPods-UIView+AORefreshFontTests.a in Frameworks */,
			);
			runOnlyForDeploymentPostprocessing = 0;
		};
/* End PBXFrameworksBuildPhase section */

/* Begin PBXGroup section */
		206FD5CAF6E3E28D347C5308 /* Pods */ = {
			isa = PBXGroup;
			children = (
				7BF18533A76E6836930047C9 /* Pods-UIView+AORefreshFont.debug.xcconfig */,
				05F50E7742983F2CC44D027F /* Pods-UIView+AORefreshFont.release.xcconfig */,
				CF036A215C9448D927FD89AF /* Pods-UIView+AORefreshFontTests.debug.xcconfig */,
				B3109DF25C192B4EC2700936 /* Pods-UIView+AORefreshFontTests.release.xcconfig */,
			);
			name = Pods;
			sourceTree = "<group>";
		};
		44D4BE8E194BAF8800E65B24 = {
			isa = PBXGroup;
			children = (
				44D4BE9C194BAF8900E65B24 /* UIView+AORefreshFont */,
				44D4BEB0194BAF8900E65B24 /* UIView+AORefreshFontTests */,
				44D4BE99194BAF8900E65B24 /* Frameworks */,
				44D4BE98194BAF8900E65B24 /* Products */,
				206FD5CAF6E3E28D347C5308 /* Pods */,
			);
			sourceTree = "<group>";
		};
		44D4BE98194BAF8900E65B24 /* Products */ = {
			isa = PBXGroup;
			children = (
				44D4BE97194BAF8900E65B24 /* libUIView+AORefreshFont.a */,
				44D4BEA7194BAF8900E65B24 /* UIView+AORefreshFontTests.xctest */,
			);
			name = Products;
			sourceTree = "<group>";
		};
		44D4BE99194BAF8900E65B24 /* Frameworks */ = {
			isa = PBXGroup;
			children = (
				44D4BE9A194BAF8900E65B24 /* Foundation.framework */,
				44D4BEA8194BAF8900E65B24 /* XCTest.framework */,
				44D4BEAB194BAF8900E65B24 /* UIKit.framework */,
				DEB829347FBF4F5B17BA7E56 /* libPods-UIView+AORefreshFont.a */,
				1C64B54CEEBF1C4C14DACCA6 /* libPods-UIView+AORefreshFontTests.a */,
			);
			name = Frameworks;
			sourceTree = "<group>";
		};
		44D4BE9C194BAF8900E65B24 /* UIView+AORefreshFont */ = {
			isa = PBXGroup;
			children = (
				44D4BEC8194BB3C900E65B24 /* UIFont+AOTextStyle.h */,
				44D4BEC9194BB3C900E65B24 /* UIFont+AOTextStyle.m */,
				44D4BEC0194BAF9400E65B24 /* UIView+AORefreshFont.h */,
				44D4BEC1194BAF9400E65B24 /* UIView+AORefreshFont.m */,
				44D4BE9D194BAF8900E65B24 /* Supporting Files */,
			);
			path = "UIView+AORefreshFont";
			sourceTree = "<group>";
		};
		44D4BE9D194BAF8900E65B24 /* Supporting Files */ = {
			isa = PBXGroup;
			children = (
				44D4BE9E194BAF8900E65B24 /* UIView+AORefreshFont-Prefix.pch */,
			);
			name = "Supporting Files";
			sourceTree = "<group>";
		};
		44D4BEB0194BAF8900E65B24 /* UIView+AORefreshFontTests */ = {
			isa = PBXGroup;
			children = (
				44D4BECB194BB47B00E65B24 /* UIFont+AOTextStyleTests.m */,
				44D4BEC3194BB00700E65B24 /* UIView+AORefreshFontTests.m */,
				44D4BEB1194BAF8900E65B24 /* Supporting Files */,
			);
			path = "UIView+AORefreshFontTests";
			sourceTree = "<group>";
		};
		44D4BEB1194BAF8900E65B24 /* Supporting Files */ = {
			isa = PBXGroup;
			children = (
				44D4BEB2194BAF8900E65B24 /* UIView+AORefreshFontTests-Info.plist */,
				44D4BEB3194BAF8900E65B24 /* InfoPlist.strings */,
			);
			name = "Supporting Files";
			sourceTree = "<group>";
		};
/* End PBXGroup section */

/* Begin PBXNativeTarget section */
		44D4BE96194BAF8900E65B24 /* UIView+AORefreshFont */ = {
			isa = PBXNativeTarget;
			buildConfigurationList = 44D4BEBA194BAF8900E65B24 /* Build configuration list for PBXNativeTarget "UIView+AORefreshFont" */;
			buildPhases = (
				5790BA55C0AAC7F858A73576 /* [CP] Check Pods Manifest.lock */,
				44D4BE93194BAF8900E65B24 /* Sources */,
				44D4BE94194BAF8900E65B24 /* Frameworks */,
				44D4BE95194BAF8900E65B24 /* CopyFiles */,
				70F22C385355B427E30E6706 /* [CP] Copy Pods Resources */,
			);
			buildRules = (
			);
			dependencies = (
			);
			name = "UIView+AORefreshFont";
			productName = "UIView+AORefreshFont";
			productReference = 44D4BE97194BAF8900E65B24 /* libUIView+AORefreshFont.a */;
			productType = "com.apple.product-type.library.static";
		};
		44D4BEA6194BAF8900E65B24 /* UIView+AORefreshFontTests */ = {
			isa = PBXNativeTarget;
			buildConfigurationList = 44D4BEBD194BAF8900E65B24 /* Build configuration list for PBXNativeTarget "UIView+AORefreshFontTests" */;
			buildPhases = (
				7817A3A99D2FE1E50DE0E9F0 /* [CP] Check Pods Manifest.lock */,
				44D4BEA3194BAF8900E65B24 /* Sources */,
				44D4BEA4194BAF8900E65B24 /* Frameworks */,
				44D4BEA5194BAF8900E65B24 /* Resources */,
				85E72E0FF5A3FFC21DD57C35 /* [CP] Embed Pods Frameworks */,
				F18533AE1AAF02052EFBED6C /* [CP] Copy Pods Resources */,
			);
			buildRules = (
			);
			dependencies = (
				44D4BEAE194BAF8900E65B24 /* PBXTargetDependency */,
			);
			name = "UIView+AORefreshFontTests";
			productName = "UIView+AORefreshFontTests";
			productReference = 44D4BEA7194BAF8900E65B24 /* UIView+AORefreshFontTests.xctest */;
			productType = "com.apple.product-type.bundle.unit-test";
		};
/* End PBXNativeTarget section */

/* Begin PBXProject section */
		44D4BE8F194BAF8800E65B24 /* Project object */ = {
			isa = PBXProject;
			attributes = {
				LastUpgradeCheck = 0800;
				ORGANIZATIONNAME = "App-Order, LLC";
			};
			buildConfigurationList = 44D4BE92194BAF8900E65B24 /* Build configuration list for PBXProject "UIView+AORefreshFont" */;
			compatibilityVersion = "Xcode 3.2";
			developmentRegion = English;
			hasScannedForEncodings = 0;
			knownRegions = (
				en,
			);
			mainGroup = 44D4BE8E194BAF8800E65B24;
			productRefGroup = 44D4BE98194BAF8900E65B24 /* Products */;
			projectDirPath = "";
			projectRoot = "";
			targets = (
				44D4BE96194BAF8900E65B24 /* UIView+AORefreshFont */,
				44D4BEA6194BAF8900E65B24 /* UIView+AORefreshFontTests */,
			);
		};
/* End PBXProject section */

/* Begin PBXResourcesBuildPhase section */
		44D4BEA5194BAF8900E65B24 /* Resources */ = {
			isa = PBXResourcesBuildPhase;
			buildActionMask = 2147483647;
			files = (
				44D4BEB5194BAF8900E65B24 /* InfoPlist.strings in Resources */,
			);
			runOnlyForDeploymentPostprocessing = 0;
		};
/* End PBXResourcesBuildPhase section */

/* Begin PBXShellScriptBuildPhase section */
		5790BA55C0AAC7F858A73576 /* [CP] Check Pods Manifest.lock */ = {
			isa = PBXShellScriptBuildPhase;
			buildActionMask = 2147483647;
			files = (
			);
			inputPaths = (
			);
			name = "[CP] Check Pods Manifest.lock";
			outputPaths = (
			);
			runOnlyForDeploymentPostprocessing = 0;
			shellPath = /bin/sh;
			shellScript = "diff \"${PODS_ROOT}/../Podfile.lock\" \"${PODS_ROOT}/Manifest.lock\" > /dev/null\nif [ $? != 0 ] ; then\n    # print error to STDERR\n    echo \"error: The sandbox is not in sync with the Podfile.lock. Run 'pod install' or update your CocoaPods installation.\" >&2\n    exit 1\nfi\n";
			showEnvVarsInLog = 0;
		};
		70F22C385355B427E30E6706 /* [CP] Copy Pods Resources */ = {
			isa = PBXShellScriptBuildPhase;
			buildActionMask = 2147483647;
			files = (
			);
			inputPaths = (
			);
			name = "[CP] Copy Pods Resources";
			outputPaths = (
			);
			runOnlyForDeploymentPostprocessing = 0;
			shellPath = /bin/sh;
			shellScript = "\"${SRCROOT}/Pods/Target Support Files/Pods-UIView+AORefreshFont/Pods-UIView+AORefreshFont-resources.sh\"\n";
			showEnvVarsInLog = 0;
		};
		7817A3A99D2FE1E50DE0E9F0 /* [CP] Check Pods Manifest.lock */ = {
			isa = PBXShellScriptBuildPhase;
			buildActionMask = 2147483647;
			files = (
			);
			inputPaths = (
			);
			name = "[CP] Check Pods Manifest.lock";
			outputPaths = (
			);
			runOnlyForDeploymentPostprocessing = 0;
			shellPath = /bin/sh;
			shellScript = "diff \"${PODS_ROOT}/../Podfile.lock\" \"${PODS_ROOT}/Manifest.lock\" > /dev/null\nif [ $? != 0 ] ; then\n    # print error to STDERR\n    echo \"error: The sandbox is not in sync with the Podfile.lock. Run 'pod install' or update your CocoaPods installation.\" >&2\n    exit 1\nfi\n";
			showEnvVarsInLog = 0;
		};
		85E72E0FF5A3FFC21DD57C35 /* [CP] Embed Pods Frameworks */ = {
			isa = PBXShellScriptBuildPhase;
			buildActionMask = 2147483647;
			files = (
			);
			inputPaths = (
			);
			name = "[CP] Embed Pods Frameworks";
			outputPaths = (
			);
			runOnlyForDeploymentPostprocessing = 0;
			shellPath = /bin/sh;
			shellScript = "\"${SRCROOT}/Pods/Target Support Files/Pods-UIView+AORefreshFontTests/Pods-UIView+AORefreshFontTests-frameworks.sh\"\n";
			showEnvVarsInLog = 0;
		};
		F18533AE1AAF02052EFBED6C /* [CP] Copy Pods Resources */ = {
			isa = PBXShellScriptBuildPhase;
			buildActionMask = 2147483647;
			files = (
			);
			inputPaths = (
			);
			name = "[CP] Copy Pods Resources";
			outputPaths = (
			);
			runOnlyForDeploymentPostprocessing = 0;
			shellPath = /bin/sh;
			shellScript = "\"${SRCROOT}/Pods/Target Support Files/Pods-UIView+AORefreshFontTests/Pods-UIView+AORefreshFontTests-resources.sh\"\n";
			showEnvVarsInLog = 0;
		};
/* End PBXShellScriptBuildPhase section */

/* Begin PBXSourcesBuildPhase section */
		44D4BE93194BAF8900E65B24 /* Sources */ = {
			isa = PBXSourcesBuildPhase;
			buildActionMask = 2147483647;
			files = (
				44D4BEC2194BAF9400E65B24 /* UIView+AORefreshFont.m in Sources */,
				44D4BECA194BB3C900E65B24 /* UIFont+AOTextStyle.m in Sources */,
			);
			runOnlyForDeploymentPostprocessing = 0;
		};
		44D4BEA3194BAF8900E65B24 /* Sources */ = {
			isa = PBXSourcesBuildPhase;
			buildActionMask = 2147483647;
			files = (
				44D4BEC4194BB00700E65B24 /* UIView+AORefreshFontTests.m in Sources */,
				44D4BECC194BB47B00E65B24 /* UIFont+AOTextStyleTests.m in Sources */,
			);
			runOnlyForDeploymentPostprocessing = 0;
		};
/* End PBXSourcesBuildPhase section */

/* Begin PBXTargetDependency section */
		44D4BEAE194BAF8900E65B24 /* PBXTargetDependency */ = {
			isa = PBXTargetDependency;
			target = 44D4BE96194BAF8900E65B24 /* UIView+AORefreshFont */;
			targetProxy = 44D4BEAD194BAF8900E65B24 /* PBXContainerItemProxy */;
		};
/* End PBXTargetDependency section */

/* Begin PBXVariantGroup section */
		44D4BEB3194BAF8900E65B24 /* InfoPlist.strings */ = {
			isa = PBXVariantGroup;
			children = (
				44D4BEB4194BAF8900E65B24 /* en */,
			);
			name = InfoPlist.strings;
			sourceTree = "<group>";
		};
/* End PBXVariantGroup section */

/* Begin XCBuildConfiguration section */
		44D4BEB8194BAF8900E65B24 /* Debug */ = {
			isa = XCBuildConfiguration;
			buildSettings = {
				ALWAYS_SEARCH_USER_PATHS = NO;
				CLANG_CXX_LANGUAGE_STANDARD = "gnu++0x";
				CLANG_CXX_LIBRARY = "libc++";
				CLANG_ENABLE_MODULES = YES;
				CLANG_ENABLE_OBJC_ARC = YES;
				CLANG_WARN_BOOL_CONVERSION = YES;
				CLANG_WARN_CONSTANT_CONVERSION = YES;
				CLANG_WARN_DIRECT_OBJC_ISA_USAGE = YES_ERROR;
				CLANG_WARN_EMPTY_BODY = YES;
				CLANG_WARN_ENUM_CONVERSION = YES;
				CLANG_WARN_INFINITE_RECURSION = YES;
				CLANG_WARN_INT_CONVERSION = YES;
				CLANG_WARN_OBJC_ROOT_CLASS = YES_ERROR;
				CLANG_WARN_SUSPICIOUS_MOVE = YES;
				CLANG_WARN_UNREACHABLE_CODE = YES;
				CLANG_WARN__DUPLICATE_METHOD_MATCH = YES;
				COPY_PHASE_STRIP = NO;
				ENABLE_STRICT_OBJC_MSGSEND = YES;
				ENABLE_TESTABILITY = YES;
				GCC_C_LANGUAGE_STANDARD = gnu99;
				GCC_DYNAMIC_NO_PIC = NO;
				GCC_NO_COMMON_BLOCKS = YES;
				GCC_OPTIMIZATION_LEVEL = 0;
				GCC_PREPROCESSOR_DEFINITIONS = (
					"DEBUG=1",
					"$(inherited)",
				);
				GCC_SYMBOLS_PRIVATE_EXTERN = NO;
				GCC_WARN_64_TO_32_BIT_CONVERSION = YES;
				GCC_WARN_ABOUT_RETURN_TYPE = YES_ERROR;
				GCC_WARN_UNDECLARED_SELECTOR = YES;
				GCC_WARN_UNINITIALIZED_AUTOS = YES_AGGRESSIVE;
				GCC_WARN_UNUSED_FUNCTION = YES;
				GCC_WARN_UNUSED_VARIABLE = YES;
				IPHONEOS_DEPLOYMENT_TARGET = 8.0;
				ONLY_ACTIVE_ARCH = YES;
				SDKROOT = iphoneos;
			};
			name = Debug;
		};
		44D4BEB9194BAF8900E65B24 /* Release */ = {
			isa = XCBuildConfiguration;
			buildSettings = {
				ALWAYS_SEARCH_USER_PATHS = NO;
				CLANG_CXX_LANGUAGE_STANDARD = "gnu++0x";
				CLANG_CXX_LIBRARY = "libc++";
				CLANG_ENABLE_MODULES = YES;
				CLANG_ENABLE_OBJC_ARC = YES;
				CLANG_WARN_BOOL_CONVERSION = YES;
				CLANG_WARN_CONSTANT_CONVERSION = YES;
				CLANG_WARN_DIRECT_OBJC_ISA_USAGE = YES_ERROR;
				CLANG_WARN_EMPTY_BODY = YES;
				CLANG_WARN_ENUM_CONVERSION = YES;
				CLANG_WARN_INFINITE_RECURSION = YES;
				CLANG_WARN_INT_CONVERSION = YES;
				CLANG_WARN_OBJC_ROOT_CLASS = YES_ERROR;
				CLANG_WARN_SUSPICIOUS_MOVE = YES;
				CLANG_WARN_UNREACHABLE_CODE = YES;
				CLANG_WARN__DUPLICATE_METHOD_MATCH = YES;
				COPY_PHASE_STRIP = YES;
				ENABLE_NS_ASSERTIONS = NO;
				ENABLE_STRICT_OBJC_MSGSEND = YES;
				GCC_C_LANGUAGE_STANDARD = gnu99;
				GCC_NO_COMMON_BLOCKS = YES;
				GCC_WARN_64_TO_32_BIT_CONVERSION = YES;
				GCC_WARN_ABOUT_RETURN_TYPE = YES_ERROR;
				GCC_WARN_UNDECLARED_SELECTOR = YES;
				GCC_WARN_UNINITIALIZED_AUTOS = YES_AGGRESSIVE;
				GCC_WARN_UNUSED_FUNCTION = YES;
				GCC_WARN_UNUSED_VARIABLE = YES;
				IPHONEOS_DEPLOYMENT_TARGET = 8.0;
				SDKROOT = iphoneos;
				VALIDATE_PRODUCT = YES;
			};
			name = Release;
		};
		44D4BEBB194BAF8900E65B24 /* Debug */ = {
			isa = XCBuildConfiguration;
			baseConfigurationReference = 7BF18533A76E6836930047C9 /* Pods-UIView+AORefreshFont.debug.xcconfig */;
			buildSettings = {
				DSTROOT = /tmp/UIView_AORefreshFont.dst;
				GCC_PRECOMPILE_PREFIX_HEADER = YES;
				GCC_PREFIX_HEADER = "UIView+AORefreshFont/UIView+AORefreshFont-Prefix.pch";
				OTHER_LDFLAGS = "-ObjC";
				PRODUCT_NAME = "$(TARGET_NAME)";
				SKIP_INSTALL = YES;
			};
			name = Debug;
		};
		44D4BEBC194BAF8900E65B24 /* Release */ = {
			isa = XCBuildConfiguration;
			baseConfigurationReference = 05F50E7742983F2CC44D027F /* Pods-UIView+AORefreshFont.release.xcconfig */;
			buildSettings = {
				DSTROOT = /tmp/UIView_AORefreshFont.dst;
				GCC_PRECOMPILE_PREFIX_HEADER = YES;
				GCC_PREFIX_HEADER = "UIView+AORefreshFont/UIView+AORefreshFont-Prefix.pch";
				OTHER_LDFLAGS = "-ObjC";
				PRODUCT_NAME = "$(TARGET_NAME)";
				SKIP_INSTALL = YES;
			};
			name = Release;
		};
		44D4BEBE194BAF8900E65B24 /* Debug */ = {
			isa = XCBuildConfiguration;
			baseConfigurationReference = CF036A215C9448D927FD89AF /* Pods-UIView+AORefreshFontTests.debug.xcconfig */;
			buildSettings = {
				FRAMEWORK_SEARCH_PATHS = (
					"$(SDKROOT)/Developer/Library/Frameworks",
					"$(inherited)",
					"$(DEVELOPER_FRAMEWORKS_DIR)",
				);
				GCC_PRECOMPILE_PREFIX_HEADER = YES;
				GCC_PREFIX_HEADER = "UIView+AORefreshFont/UIView+AORefreshFont-Prefix.pch";
				GCC_PREPROCESSOR_DEFINITIONS = (
					"DEBUG=1",
					"$(inherited)",
				);
				INFOPLIST_FILE = "UIView+AORefreshFontTests/UIView+AORefreshFontTests-Info.plist";
				PRODUCT_BUNDLE_IDENTIFIER = "com.app-order.${PRODUCT_NAME:rfc1034identifier}";
				PRODUCT_NAME = "$(TARGET_NAME)";
				WRAPPER_EXTENSION = xctest;
			};
			name = Debug;
		};
		44D4BEBF194BAF8900E65B24 /* Release */ = {
			isa = XCBuildConfiguration;
			baseConfigurationReference = B3109DF25C192B4EC2700936 /* Pods-UIView+AORefreshFontTests.release.xcconfig */;
			buildSettings = {
				FRAMEWORK_SEARCH_PATHS = (
					"$(SDKROOT)/Developer/Library/Frameworks",
					"$(inherited)",
					"$(DEVELOPER_FRAMEWORKS_DIR)",
				);
				GCC_PRECOMPILE_PREFIX_HEADER = YES;
				GCC_PREFIX_HEADER = "UIView+AORefreshFont/UIView+AORefreshFont-Prefix.pch";
				INFOPLIST_FILE = "UIView+AORefreshFontTests/UIView+AORefreshFontTests-Info.plist";
				PRODUCT_BUNDLE_IDENTIFIER = "com.app-order.${PRODUCT_NAME:rfc1034identifier}";
				PRODUCT_NAME = "$(TARGET_NAME)";
				WRAPPER_EXTENSION = xctest;
			};
			name = Release;
		};
/* End XCBuildConfiguration section */

/* Begin XCConfigurationList section */
		44D4BE92194BAF8900E65B24 /* Build configuration list for PBXProject "UIView+AORefreshFont" */ = {
			isa = XCConfigurationList;
			buildConfigurations = (
				44D4BEB8194BAF8900E65B24 /* Debug */,
				44D4BEB9194BAF8900E65B24 /* Release */,
			);
			defaultConfigurationIsVisible = 0;
			defaultConfigurationName = Release;
		};
		44D4BEBA194BAF8900E65B24 /* Build configuration list for PBXNativeTarget "UIView+AORefreshFont" */ = {
			isa = XCConfigurationList;
			buildConfigurations = (
				44D4BEBB194BAF8900E65B24 /* Debug */,
				44D4BEBC194BAF8900E65B24 /* Release */,
			);
			defaultConfigurationIsVisible = 0;
			defaultConfigurationName = Release;
		};
		44D4BEBD194BAF8900E65B24 /* Build configuration list for PBXNativeTarget "UIView+AORefreshFontTests" */ = {
			isa = XCConfigurationList;
			buildConfigurations = (
				44D4BEBE194BAF8900E65B24 /* Debug */,
				44D4BEBF194BAF8900E65B24 /* Release */,
			);
			defaultConfigurationIsVisible = 0;
			defaultConfigurationName = Release;
		};
/* End XCConfigurationList section */
	};
	rootObject = 44D4BE8F194BAF8800E65B24 /* Project object */;
}
